
Microsoft Visual Studio Solution File, Format Version 12.00
# Visual Studio Version 17
VisualStudioVersion = 17.14.36109.1 d17.14
MinimumVisualStudioVersion = 10.0.40219.1
Project("{FAE04EC0-301F-11D3-BF4B-00C04F79EFBC}") = "UnitTestMyComples", "UnitTestMyComples\UnitTestMyComples.csproj", "{33FE2EA8-7255-4CE6-83CD-71A57E57AA89}"
EndProject
Global
	GlobalSection(SolutionConfigurationPlatforms) = preSolution
		Debug|Any CPU = Debug|Any CPU
		Release|Any CPU = Release|Any CPU
	EndGlobalSection
	GlobalSection(ProjectConfigurationPlatforms) = postSolution
		{33FE2EA8-7255-4CE6-83CD-71A57E57AA89}.Debug|Any CPU.ActiveCfg = Debug|Any CPU
		{33FE2EA8-7255-4CE6-83CD-71A57E57AA89}.Debug|Any CPU.Build.0 = Debug|Any CPU
		{33FE2EA8-7255-4CE6-83CD-71A57E57AA89}.Release|Any CPU.ActiveCfg = Release|Any CPU
		{33FE2EA8-7255-4CE6-83CD-71A57E57AA89}.Release|Any CPU.Build.0 = Release|Any CPU
	EndGlobalSection
	GlobalSection(SolutionProperties) = preSolution
		HideSolutionNode = FALSE
	EndGlobalSection
	GlobalSection(ExtensibilityGlobals) = postSolution
		SolutionGuid = {AC2115EC-6325-4D51-91B6-6EFEE40A8F27}
	EndGlobalSection
EndGlobal
